Microsoft Visual Studio Solution File, Format Version 12.00
# Visual Studio 15
VisualStudioVersion = 15.0.26730.10
MinimumVisualStudioVersion = 10.0.40219.1
Project("{6EC3EE1D-3C4E-46DD-8F32-0CC8E7565705}") = "HelloFabulous", "HelloFabulous\HelloFabulous.fsproj", "{A7AD56DF-E7A3-4619-A715-C7672C9F1765}"
EndProject
Project("{F2A71F9B-5D33-465A-A702-920D77279786}") = "HelloFabulous.Android", "HelloFabulous.Android\HelloFabulous.Android.fsproj", "{60DFBA93-B576-4E0F-BA34-8D7E29338401}"
EndProject
Project("{F2A71F9B-5D33-465A-A702-920D77279786}") = "HelloFabulous.iOS", "HelloFabulous.iOS\HelloFabulous.iOS.fsproj", "{2F2D9B67-5F66-4046-ABF3-6BA20B9591E8}"
EndProject
Global
	GlobalSection(SolutionConfigurationPlatforms) = preSolution
		Ad-Hoc|Any CPU = Ad-Hoc|Any CPU
		Ad-Hoc|ARM = Ad-Hoc|ARM
		Ad-Hoc|iPhone = Ad-Hoc|iPhone
		Ad-Hoc|iPhoneSimulator = Ad-Hoc|iPhoneSimulator
		Ad-Hoc|x64 = Ad-Hoc|x64
		Ad-Hoc|x86 = Ad-Hoc|x86
		AppStore|Any CPU = AppStore|Any CPU
		AppStore|ARM = AppStore|ARM
		AppStore|iPhone = AppStore|iPhone
		AppStore|iPhoneSimulator = AppStore|iPhoneSimulator
		AppStore|x64 = AppStore|x64
		AppStore|x86 = AppStore|x86
		Debug|Any CPU = Debug|Any CPU
		Debug|ARM = Debug|ARM
		Debug|iPhone = Debug|iPhone
		Debug|iPhoneSimulator = Debug|iPhoneSimulator
		Debug|x64 = Debug|x64
		Debug|x86 = Debug|x86
		Release|Any CPU = Release|Any CPU
		Release|ARM = Release|ARM
		Release|iPhone = Release|iPhone
		Release|iPhoneSimulator = Release|iPhoneSimulator
		Release|x64 = Release|x64
		Release|x86 = Release|x86
	EndGlobalSection
	GlobalSection(ProjectConfigurationPlatforms) = postSolution
		{A7AD56DF-E7A3-4619-A715-C7672C9F1765}.Ad-Hoc|Any CPU.ActiveCfg = Debug|Any CPU
		{A7AD56DF-E7A3-4619-A715-C7672C9F1765}.Ad-Hoc|Any CPU.Build.0 = Debug|Any CPU
		{A7AD56DF-E7A3-4619-A715-C7672C9F1765}.Ad-Hoc|ARM.ActiveCfg = Debug|Any CPU
		{A7AD56DF-E7A3-4619-A715-C7672C9F1765}.Ad-Hoc|ARM.Build.0 = Debug|Any CPU
		{A7AD56DF-E7A3-4619-A715-C7672C9F1765}.Ad-Hoc|iPhone.ActiveCfg = Debug|Any CPU
		{A7AD56DF-E7A3-4619-A715-C7672C9F1765}.Ad-Hoc|iPhone.Build.0 = Debug|Any CPU
		{A7AD56DF-E7A3-4619-A715-C7672C9F1765}.Ad-Hoc|iPhoneSimulator.ActiveCfg = Debug|Any CPU
		{A7AD56DF-E7A3-4619-A715-C7672C9F1765}.Ad-Hoc|iPhoneSimulator.Build.0 = Debug|Any CPU
		{A7AD56DF-E7A3-4619-A715-C7672C9F1765}.Ad-Hoc|x64.ActiveCfg = Debug|Any CPU
		{A7AD56DF-E7A3-4619-A715-C7672C9F1765}.Ad-Hoc|x64.Build.0 = Debug|Any CPU
		{A7AD56DF-E7A3-4619-A715-C7672C9F1765}.Ad-Hoc|x86.ActiveCfg = Debug|Any CPU
		{A7AD56DF-E7A3-4619-A715-C7672C9F1765}.Ad-Hoc|x86.Build.0 = Debug|Any CPU
		{A7AD56DF-E7A3-4619-A715-C7672C9F1765}.AppStore|Any CPU.ActiveCfg = Debug|Any CPU
		{A7AD56DF-E7A3-4619-A715-C7672C9F1765}.AppStore|Any CPU.Build.0 = Debug|Any CPU
		{A7AD56DF-E7A3-4619-A715-C7672C9F1765}.AppStore|ARM.ActiveCfg = Debug|Any CPU
		{A7AD56DF-E7A3-4619-A715-C7672C9F1765}.AppStore|ARM.Build.0 = Debug|Any CPU
		{A7AD56DF-E7A3-4619-A715-C7672C9F1765}.AppStore|iPhone.ActiveCfg = Debug|Any CPU
		{A7AD56DF-E7A3-4619-A715-C7672C9F1765}.AppStore|iPhone.Build.0 = Debug|Any CPU
		{A7AD56DF-E7A3-4619-A715-C7672C9F1765}.AppStore|iPhoneSimulator.ActiveCfg = Debug|Any CPU
		{A7AD56DF-E7A3-4619-A715-C7672C9F1765}.AppStore|iPhoneSimulator.Build.0 = Debug|Any CPU
		{A7AD56DF-E7A3-4619-A715-C7672C9F1765}.AppStore|x64.ActiveCfg = Debug|Any CPU
		{A7AD56DF-E7A3-4619-A715-C7672C9F1765}.AppStore|x64.Build.0 = Debug|Any CPU
		{A7AD56DF-E7A3-4619-A715-C7672C9F1765}.AppStore|x86.ActiveCfg = Debug|Any CPU
		{A7AD56DF-E7A3-4619-A715-C7672C9F1765}.AppStore|x86.Build.0 = Debug|Any CPU
		{A7AD56DF-E7A3-4619-A715-C7672C9F1765}.Debug|Any CPU.ActiveCfg = Debug|Any CPU
		{A7AD56DF-E7A3-4619-A715-C7672C9F1765}.Debug|Any CPU.Build.0 = Debug|Any CPU
		{A7AD56DF-E7A3-4619-A715-C7672C9F1765}.Debug|ARM.ActiveCfg = Debug|Any CPU
		{A7AD56DF-E7A3-4619-A715-C7672C9F1765}.Debug|ARM.Build.0 = Debug|Any CPU
		{A7AD56DF-E7A3-4619-A715-C7672C9F1765}.Debug|iPhone.ActiveCfg = Debug|Any CPU
		{A7AD56DF-E7A3-4619-A715-C7672C9F1765}.Debug|iPhone.Build.0 = Debug|Any CPU
		{A7AD56DF-E7A3-4619-A715-C7672C9F1765}.Debug|iPhoneSimulator.ActiveCfg = Debug|Any CPU
		{A7AD56DF-E7A3-4619-A715-C7672C9F1765}.Debug|iPhoneSimulator.Build.0 = Debug|Any CPU
		{A7AD56DF-E7A3-4619-A715-C7672C9F1765}.Debug|x64.ActiveCfg = Debug|Any CPU
		{A7AD56DF-E7A3-4619-A715-C7672C9F1765}.Debug|x64.Build.0 = Debug|Any CPU
		{A7AD56DF-E7A3-4619-A715-C7672C9F1765}.Debug|x86.ActiveCfg = Debug|Any CPU
		{A7AD56DF-E7A3-4619-A715-C7672C9F1765}.Debug|x86.Build.0 = Debug|Any CPU
		{A7AD56DF-E7A3-4619-A715-C7672C9F1765}.Release|Any CPU.ActiveCfg = Release|Any CPU
		{A7AD56DF-E7A3-4619-A715-C7672C9F1765}.Release|Any CPU.Build.0 = Release|Any CPU
		{A7AD56DF-E7A3-4619-A715-C7672C9F1765}.Release|ARM.ActiveCfg = Release|Any CPU
		{A7AD56DF-E7A3-4619-A715-C7672C9F1765}.Release|ARM.Build.0 = Release|Any CPU
		{A7AD56DF-E7A3-4619-A715-C7672C9F1765}.Release|iPhone.ActiveCfg = Release|Any CPU
		{A7AD56DF-E7A3-4619-A715-C7672C9F1765}.Release|iPhone.Build.0 = Release|Any CPU
		{A7AD56DF-E7A3-4619-A715-C7672C9F1765}.Release|iPhoneSimulator.ActiveCfg = Release|Any CPU
		{A7AD56DF-E7A3-4619-A715-C7672C9F1765}.Release|iPhoneSimulator.Build.0 = Release|Any CPU
		{A7AD56DF-E7A3-4619-A715-C7672C9F1765}.Release|x64.ActiveCfg = Release|Any CPU
		{A7AD56DF-E7A3-4619-A715-C7672C9F1765}.Release|x64.Build.0 = Release|Any CPU
		{A7AD56DF-E7A3-4619-A715-C7672C9F1765}.Release|x86.ActiveCfg = Release|Any CPU
		{A7AD56DF-E7A3-4619-A715-C7672C9F1765}.Release|x86.Build.0 = Release|Any CPU
		{60DFBA93-B576-4E0F-BA34-8D7E29338401}.Ad-Hoc|Any CPU.ActiveCfg = Release|Any CPU
		{60DFBA93-B576-4E0F-BA34-8D7E29338401}.Ad-Hoc|Any CPU.Build.0 = Release|Any CPU
		{60DFBA93-B576-4E0F-BA34-8D7E29338401}.Ad-Hoc|ARM.ActiveCfg = Release|Any CPU
		{60DFBA93-B576-4E0F-BA34-8D7E29338401}.Ad-Hoc|ARM.Build.0 = Release|Any CPU
		{60DFBA93-B576-4E0F-BA34-8D7E29338401}.Ad-Hoc|iPhone.ActiveCfg = Release|Any CPU
		{60DFBA93-B576-4E0F-BA34-8D7E29338401}.Ad-Hoc|iPhone.Build.0 = Release|Any CPU
		{60DFBA93-B576-4E0F-BA34-8D7E29338401}.Ad-Hoc|iPhoneSimulator.ActiveCfg = Release|Any CPU
		{60DFBA93-B576-4E0F-BA34-8D7E29338401}.Ad-Hoc|iPhoneSimulator.Build.0 = Release|Any CPU
		{60DFBA93-B576-4E0F-BA34-8D7E29338401}.Ad-Hoc|x64.ActiveCfg = Release|Any CPU
		{60DFBA93-B576-4E0F-BA34-8D7E29338401}.Ad-Hoc|x64.Build.0 = Release|Any CPU
		{60DFBA93-B576-4E0F-BA34-8D7E29338401}.Ad-Hoc|x86.ActiveCfg = Release|Any CPU
		{60DFBA93-B576-4E0F-BA34-8D7E29338401}.Ad-Hoc|x86.Build.0 = Release|Any CPU
		{60DFBA93-B576-4E0F-BA34-8D7E29338401}.AppStore|Any CPU.ActiveCfg = Release|Any CPU
		{60DFBA93-B576-4E0F-BA34-8D7E29338401}.AppStore|Any CPU.Build.0 = Release|Any CPU
		{60DFBA93-B576-4E0F-BA34-8D7E29338401}.AppStore|ARM.ActiveCfg = Release|Any CPU
		{60DFBA93-B576-4E0F-BA34-8D7E29338401}.AppStore|ARM.Build.0 = Release|Any CPU
		{60DFBA93-B576-4E0F-BA34-8D7E29338401}.AppStore|iPhone.ActiveCfg = Release|Any CPU
		{60DFBA93-B576-4E0F-BA34-8D7E29338401}.AppStore|iPhone.Build.0 = Release|Any CPU
		{60DFBA93-B576-4E0F-BA34-8D7E29338401}.AppStore|iPhoneSimulator.ActiveCfg = Release|Any CPU
		{60DFBA93-B576-4E0F-BA34-8D7E29338401}.AppStore|iPhoneSimulator.Build.0 = Release|Any CPU
		{60DFBA93-B576-4E0F-BA34-8D7E29338401}.AppStore|x64.ActiveCfg = Release|Any CPU
		{60DFBA93-B576-4E0F-BA34-8D7E29338401}.AppStore|x64.Build.0 = Release|Any CPU
		{60DFBA93-B576-4E0F-BA34-8D7E29338401}.AppStore|x86.ActiveCfg = Release|Any CPU
		{60DFBA93-B576-4E0F-BA34-8D7E29338401}.AppStore|x86.Build.0 = Release|Any CPU
		{60DFBA93-B576-4E0F-BA34-8D7E29338401}.Debug|Any CPU.ActiveCfg = Debug|Any CPU
		{60DFBA93-B576-4E0F-BA34-8D7E29338401}.Debug|Any CPU.Build.0 = Debug|Any CPU
		{60DFBA93-B576-4E0F-BA34-8D7E29338401}.Debug|Any CPU.Deploy.0 = Debug|Any CPU
		{60DFBA93-B576-4E0F-BA34-8D7E29338401}.Debug|ARM.ActiveCfg = Debug|Any CPU
		{60DFBA93-B576-4E0F-BA34-8D7E29338401}.Debug|ARM.Build.0 = Debug|Any CPU
		{60DFBA93-B576-4E0F-BA34-8D7E29338401}.Debug|iPhone.ActiveCfg = Debug|Any CPU
		{60DFBA93-B576-4E0F-BA34-8D7E29338401}.Debug|iPhone.Build.0 = Debug|Any CPU
		{60DFBA93-B576-4E0F-BA34-8D7E29338401}.Debug|iPhoneSimulator.ActiveCfg = Debug|Any CPU
		{60DFBA93-B576-4E0F-BA34-8D7E29338401}.Debug|iPhoneSimulator.Build.0 = Debug|Any CPU
		{60DFBA93-B576-4E0F-BA34-8D7E29338401}.Debug|x64.ActiveCfg = Debug|Any CPU
		{60DFBA93-B576-4E0F-BA34-8D7E29338401}.Debug|x64.Build.0 = Debug|Any CPU
		{60DFBA93-B576-4E0F-BA34-8D7E29338401}.Debug|x86.ActiveCfg = Debug|Any CPU
		{60DFBA93-B576-4E0F-BA34-8D7E29338401}.Debug|x86.Build.0 = Debug|Any CPU
		{60DFBA93-B576-4E0F-BA34-8D7E29338401}.Release|Any CPU.ActiveCfg = Release|Any CPU
		{60DFBA93-B576-4E0F-BA34-8D7E29338401}.Release|Any CPU.Build.0 = Release|Any CPU
		{60DFBA93-B576-4E0F-BA34-8D7E29338401}.Release|Any CPU.Deploy.0 = Release|Any CPU
		{60DFBA93-B576-4E0F-BA34-8D7E29338401}.Release|ARM.ActiveCfg = Release|Any CPU
		{60DFBA93-B576-4E0F-BA34-8D7E29338401}.Release|ARM.Build.0 = Release|Any CPU
		{60DFBA93-B576-4E0F-BA34-8D7E29338401}.Release|iPhone.ActiveCfg = Release|Any CPU
		{60DFBA93-B576-4E0F-BA34-8D7E29338401}.Release|iPhone.Build.0 = Release|Any CPU
		{60DFBA93-B576-4E0F-BA34-8D7E29338401}.Release|iPhoneSimulator.ActiveCfg = Release|Any CPU
		{60DFBA93-B576-4E0F-BA34-8D7E29338401}.Release|iPhoneSimulator.Build.0 = Release|Any CPU
		{60DFBA93-B576-4E0F-BA34-8D7E29338401}.Release|x64.ActiveCfg = Release|Any CPU
		{60DFBA93-B576-4E0F-BA34-8D7E29338401}.Release|x64.Build.0 = Release|Any CPU
		{60DFBA93-B576-4E0F-BA34-8D7E29338401}.Release|x86.ActiveCfg = Release|Any CPU
		{60DFBA93-B576-4E0F-BA34-8D7E29338401}.Release|x86.Build.0 = Release|Any CPU
		{2F2D9B67-5F66-4046-ABF3-6BA20B9591E8}.Ad-Hoc|Any CPU.ActiveCfg = Ad-Hoc|iPhone
		{2F2D9B67-5F66-4046-ABF3-6BA20B9591E8}.Ad-Hoc|ARM.ActiveCfg = Ad-Hoc|iPhone
		{2F2D9B67-5F66-4046-ABF3-6BA20B9591E8}.Ad-Hoc|iPhone.ActiveCfg = Ad-Hoc|iPhone
		{2F2D9B67-5F66-4046-ABF3-6BA20B9591E8}.Ad-Hoc|iPhone.Build.0 = Ad-Hoc|iPhone
		{2F2D9B67-5F66-4046-ABF3-6BA20B9591E8}.Ad-Hoc|iPhoneSimulator.ActiveCfg = Ad-Hoc|iPhoneSimulator
		{2F2D9B67-5F66-4046-ABF3-6BA20B9591E8}.Ad-Hoc|iPhoneSimulator.Build.0 = Ad-Hoc|iPhoneSimulator
		{2F2D9B67-5F66-4046-ABF3-6BA20B9591E8}.Ad-Hoc|x64.ActiveCfg = Ad-Hoc|iPhone
		{2F2D9B67-5F66-4046-ABF3-6BA20B9591E8}.Ad-Hoc|x86.ActiveCfg = Ad-Hoc|iPhone
		{2F2D9B67-5F66-4046-ABF3-6BA20B9591E8}.AppStore|Any CPU.ActiveCfg = AppStore|iPhone
		{2F2D9B67-5F66-4046-ABF3-6BA20B9591E8}.AppStore|ARM.ActiveCfg = AppStore|iPhone
		{2F2D9B67-5F66-4046-ABF3-6BA20B9591E8}.AppStore|iPhone.ActiveCfg = AppStore|iPhone
		{2F2D9B67-5F66-4046-ABF3-6BA20B9591E8}.AppStore|iPhone.Build.0 = AppStore|iPhone
		{2F2D9B67-5F66-4046-ABF3-6BA20B9591E8}.AppStore|iPhoneSimulator.ActiveCfg = AppStore|iPhoneSimulator
		{2F2D9B67-5F66-4046-ABF3-6BA20B9591E8}.AppStore|iPhoneSimulator.Build.0 = AppStore|iPhoneSimulator
		{2F2D9B67-5F66-4046-ABF3-6BA20B9591E8}.AppStore|x64.ActiveCfg = AppStore|iPhone
		{2F2D9B67-5F66-4046-ABF3-6BA20B9591E8}.AppStore|x86.ActiveCfg = AppStore|iPhone
		{2F2D9B67-5F66-4046-ABF3-6BA20B9591E8}.Debug|Any CPU.ActiveCfg = Debug|iPhone
		{2F2D9B67-5F66-4046-ABF3-6BA20B9591E8}.Debug|ARM.ActiveCfg = Debug|iPhone
		{2F2D9B67-5F66-4046-ABF3-6BA20B9591E8}.Debug|iPhone.ActiveCfg = Debug|iPhone
		{2F2D9B67-5F66-4046-ABF3-6BA20B9591E8}.Debug|iPhone.Build.0 = Debug|iPhone
		{2F2D9B67-5F66-4046-ABF3-6BA20B9591E8}.Debug|iPhoneSimulator.ActiveCfg = Debug|iPhoneSimulator
		{2F2D9B67-5F66-4046-ABF3-6BA20B9591E8}.Debug|iPhoneSimulator.Build.0 = Debug|iPhoneSimulator
		{2F2D9B67-5F66-4046-ABF3-6BA20B9591E8}.Debug|x64.ActiveCfg = Debug|iPhone
		{2F2D9B67-5F66-4046-ABF3-6BA20B9591E8}.Debug|x86.ActiveCfg = Debug|iPhone
		{2F2D9B67-5F66-4046-ABF3-6BA20B9591E8}.Release|Any CPU.ActiveCfg = Release|iPhone
		{2F2D9B67-5F66-4046-ABF3-6BA20B9591E8}.Release|ARM.ActiveCfg = Release|iPhone
		{2F2D9B67-5F66-4046-ABF3-6BA20B9591E8}.Release|iPhone.ActiveCfg = Release|iPhone
		{2F2D9B67-5F66-4046-ABF3-6BA20B9591E8}.Release|iPhone.Build.0 = Release|iPhone
		{2F2D9B67-5F66-4046-ABF3-6BA20B9591E8}.Release|iPhoneSimulator.ActiveCfg = Release|iPhoneSimulator
		{2F2D9B67-5F66-4046-ABF3-6BA20B9591E8}.Release|iPhoneSimulator.Build.0 = Release|iPhoneSimulator
		{2F2D9B67-5F66-4046-ABF3-6BA20B9591E8}.Release|x64.ActiveCfg = Release|iPhone
		{2F2D9B67-5F66-4046-ABF3-6BA20B9591E8}.Release|x86.ActiveCfg = Release|iPhone
	EndGlobalSection
	GlobalSection(SolutionProperties) = preSolution
		HideSolutionNode = FALSE
	EndGlobalSection
	GlobalSection(ExtensibilityGlobals) = postSolution
		SolutionGuid = {F6D05029-56B8-4E45-AF2D-0E76295DDBA2}
	EndGlobalSection
EndGlobal
